
Microsoft Visual Studio Solution File, Format Version 12.00
# Visual Studio Version 17
VisualStudioVersion = 17.7.34221.43
MinimumVisualStudioVersion = 10.0.40219.1
Project("{9A19103F-16F7-4668-BE54-9A1E7A4F7556}") = "ECET230FinalMQTTViewerDesktop", "ECET230FinalMQTTViewerDesktop\ECET230FinalMQTTViewerDesktop.csproj", "{C2D6EA23-F2F5-4C66-98AB-808C0F3D4A26}"
EndProject
Project("{9A19103F-16F7-4668-BE54-9A1E7A4F7556}") = "ECET230FinalMQTTViewerMeadow", "ECET230FinalMQTTViewerMeadow\ECET230FinalMQTTViewerMeadow.csproj", "{E83785A0-247E-4D11-AB20-BF7DDEB58EE4}"
EndProject
Project("{2150E333-8FDC-42A3-9474-1A3956D46DE8}") = "Solution Items", "Solution Items", "{36906FF9-B6D3-4DEA-8E4F-4B525FEC4D9E}"
	ProjectSection(SolutionItems) = preProject
		README.md = README.md
	EndProjectSection
EndProject
Project("{9A19103F-16F7-4668-BE54-9A1E7A4F7556}") = "MQTTScreenData", "MQTTScreen\MQTTScreenData.csproj", "{9CE21B80-E2B3-4EE3-92E5-ABE4E6F9104B}"
EndProject
Project("{9A19103F-16F7-4668-BE54-9A1E7A4F7556}") = "MQTTConnectionData", "MQTTConnection\MQTTConnectionData.csproj", "{C84559D8-9F1E-45C8-861D-048AACE2DC5B}"
EndProject
Global
	GlobalSection(SolutionConfigurationPlatforms) = preSolution
		Debug|Any CPU = Debug|Any CPU
		Release|Any CPU = Release|Any CPU
	EndGlobalSection
	GlobalSection(ProjectConfigurationPlatforms) = postSolution
		{C2D6EA23-F2F5-4C66-98AB-808C0F3D4A26}.Debug|Any CPU.ActiveCfg = Debug|Any CPU
		{C2D6EA23-F2F5-4C66-98AB-808C0F3D4A26}.Debug|Any CPU.Build.0 = Debug|Any CPU
		{C2D6EA23-F2F5-4C66-98AB-808C0F3D4A26}.Debug|Any CPU.Deploy.0 = Debug|Any CPU
		{C2D6EA23-F2F5-4C66-98AB-808C0F3D4A26}.Release|Any CPU.ActiveCfg = Release|Any CPU
		{C2D6EA23-F2F5-4C66-98AB-808C0F3D4A26}.Release|Any CPU.Build.0 = Release|Any CPU
		{C2D6EA23-F2F5-4C66-98AB-808C0F3D4A26}.Release|Any CPU.Deploy.0 = Release|Any CPU
		{E83785A0-247E-4D11-AB20-BF7DDEB58EE4}.Debug|Any CPU.ActiveCfg = Debug|Any CPU
		{E83785A0-247E-4D11-AB20-BF7DDEB58EE4}.Debug|Any CPU.Build.0 = Debug|Any CPU
		{E83785A0-247E-4D11-AB20-BF7DDEB58EE4}.Debug|Any CPU.Deploy.0 = Debug|Any CPU
		{E83785A0-247E-4D11-AB20-BF7DDEB58EE4}.Release|Any CPU.ActiveCfg = Release|Any CPU
		{E83785A0-247E-4D11-AB20-BF7DDEB58EE4}.Release|Any CPU.Build.0 = Release|Any CPU
		{E83785A0-247E-4D11-AB20-BF7DDEB58EE4}.Release|Any CPU.Deploy.0 = Release|Any CPU
		{9CE21B80-E2B3-4EE3-92E5-ABE4E6F9104B}.Debug|Any CPU.ActiveCfg = Debug|Any CPU
		{9CE21B80-E2B3-4EE3-92E5-ABE4E6F9104B}.Debug|Any CPU.Build.0 = Debug|Any CPU
		{9CE21B80-E2B3-4EE3-92E5-ABE4E6F9104B}.Release|Any CPU.ActiveCfg = Release|Any CPU
		{9CE21B80-E2B3-4EE3-92E5-ABE4E6F9104B}.Release|Any CPU.Build.0 = Release|Any CPU
		{C84559D8-9F1E-45C8-861D-048AACE2DC5B}.Debug|Any CPU.ActiveCfg = Debug|Any CPU
		{C84559D8-9F1E-45C8-861D-048AACE2DC5B}.Debug|Any CPU.Build.0 = Debug|Any CPU
		{C84559D8-9F1E-45C8-861D-048AACE2DC5B}.Release|Any CPU.ActiveCfg = Release|Any CPU
		{C84559D8-9F1E-45C8-861D-048AACE2DC5B}.Release|Any CPU.Build.0 = Release|Any CPU
	EndGlobalSection
	GlobalSection(SolutionProperties) = preSolution
		HideSolutionNode = FALSE
	EndGlobalSection
	GlobalSection(ExtensibilityGlobals) = postSolution
		SolutionGuid = {BDC68A62-8B4E-4CB2-8699-A2086824A4C7}
	EndGlobalSection
EndGlobal
